schema: '2.0'
stages:
  append_live_boxscores:
    cmd: uv run python src/eupy/transform/append_live_boxscores.py
    deps:
    - path: data/raw_data/euroleague_net/box_score
      hash: md5
      md5: d751713988987e9331980363e24189ce.dir
      size: 0
      nfiles: 0
    - path: data/raw_data/kaggle_data/euroleague_box_score.csv
      hash: md5
      md5: e01bde23b29bde89daaa21c24a38672b
      size: 18528865
    - path: src/eupy/transform/append_live_boxscores.py
      hash: md5
      md5: bfc8fae5486045d4318b2d162d94f1bc
      size: 3586
    - path: src/eupy/transform/live_append.py
      hash: md5
      md5: 082fc006eab688b953b76204bc4de95b
      size: 2315
    outs:
    - path: data/stage_01/box_score_current.csv
      hash: md5
      md5: c80cd5f1d33d57c374a46f5ff7b4b360
      size: 1511975
  append_live_headers:
    cmd: uv run python src/eupy/transform/append_live_headers.py
    deps:
    - path: data/raw_data/euroleague_net/headers
      hash: md5
      md5: d751713988987e9331980363e24189ce.dir
      size: 0
      nfiles: 0
    - path: data/raw_data/kaggle_data/euroleague_header.csv
      hash: md5
      md5: 78c90f4b880bfecc093a2ffd20ca5254
      size: 1384517
    - path: src/eupy/transform/append_live_headers.py
      hash: md5
      md5: 7ff0281b6bd53569bf3646cc02d2d0b1
      size: 3356
    - path: src/eupy/transform/live_append.py
      hash: md5
      md5: 082fc006eab688b953b76204bc4de95b
      size: 2315
    outs:
    - path: data/stage_01/header_current.csv
      hash: md5
      md5: 4d981384b52969a550b41701d88b2343
      size: 116376
  build_schedule_turns:
    cmd: uv run python src/eupy/transform/build_schedule_turns.py
    deps:
    - path: data/raw_data/euroleague_schedule
      hash: md5
      md5: 0087a5a266aa11c5bd6eed1e412fff66.dir
      size: 62258
      nfiles: 1
    - path: src/eupy/transform/build_schedule_turns.py
      hash: md5
      md5: f0a96b383628622b68332431cbc602d2
      size: 6081
    outs:
    - path: data/stage_01/schedule.csv
      hash: md5
      md5: bd1a13241d5a727660faeabe34a9621b
      size: 63403
    - path: data/stage_01/team_round_turn.csv
      hash: md5
      md5: 13c829f5befcb029305f4da04f88070b
      size: 7436
  resolve_fantasy_stats_player_names:
    cmd: uv run python src/eupy/entity/resolve_fantasy_stats_player_names.py
    deps:
    - path: data/curated/fantasy_stats_player_name_verdicts
      hash: md5
      md5: ea756654fcf342d32c6c18b0bd75f04d.dir
      size: 7929
      nfiles: 1
    - path: data/raw_data/fantasy_prices/basketballsphere_prices.csv
      hash: md5
      md5: 8030562f6d4d07884ea3086c1bb8b817
      size: 15188
    - path: data/raw_data/fantasy_stats/players.csv
      hash: md5
      md5: c26911bfa25aab3e10775648b264bd47
      size: 45737
    - path: data/raw_data/kaggle_data/euroleague_box_score.csv
      hash: md5
      md5: e01bde23b29bde89daaa21c24a38672b
      size: 18528865
    - path: src/eupy/entity/matching.py
      hash: md5
      md5: a1b98a245568ebcb61bb1f411047dbb0
      size: 4431
    - path: src/eupy/entity/player_sources.py
      hash: md5
      md5: 3a7d34704cad683e1576d215832bae4a
      size: 2347
    - path: src/eupy/entity/resolve_fantasy_stats_player_names.py
      hash: md5
      md5: 2fb16f2d185d132f0ce1c0fbb3a29c46
      size: 9081
    - path: src/eupy/entity/verdict_batches.py
      hash: md5
      md5: cd090d0215f32c2f0f43c46b179d5a0a
      size: 10464
    outs:
    - path: data/stage_01/fantasy_stats_player_name_crosswalk.csv
      hash: md5
      md5: 484323ecf81c5e73bf0582b48536a393
      size: 22628
  normalize_fantasy_stats:
    cmd: uv run python src/eupy/transform/normalize_fantasy_stats.py
    deps:
    - path: data/raw_data/fantasy_stats/players.csv
      hash: md5
      md5: c26911bfa25aab3e10775648b264bd47
      size: 45737
    - path: data/stage_01/fantasy_stats_player_name_crosswalk.csv
      hash: md5
      md5: 484323ecf81c5e73bf0582b48536a393
      size: 22628
    - path: src/eupy/transform/normalize_fantasy_stats.py
      hash: md5
      md5: 4b3e8d597b7d4923b97947712575e155
      size: 4895
    outs:
    - path: data/stage_02/fantasy_stats_players_normalized.csv
      hash: md5
      md5: af070bb7e278f257531d3210fdda2ac8
      size: 44874
  resolve_player_names:
    cmd: uv run python src/eupy/entity/resolve_player_names.py
    deps:
    - path: data/curated/player_name_verdicts
      hash: md5
      md5: 906fe08717cc925602dac1c1c8817ec3.dir
      size: 25730
      nfiles: 1
    - path: data/raw_data/fantasy_prices/basketballsphere_prices.csv
      hash: md5
      md5: 8030562f6d4d07884ea3086c1bb8b817
      size: 15188
    - path: data/raw_data/kaggle_data/euroleague_box_score.csv
      hash: md5
      md5: e01bde23b29bde89daaa21c24a38672b
      size: 18528865
    - path: src/eupy/entity/matching.py
      hash: md5
      md5: a1b98a245568ebcb61bb1f411047dbb0
      size: 4431
    - path: src/eupy/entity/player_sources.py
      hash: md5
      md5: 3a7d34704cad683e1576d215832bae4a
      size: 2347
    - path: src/eupy/entity/resolve_player_names.py
      hash: md5
      md5: 495da601aaec5dbc3ccfd193a0bb5c78
      size: 8124
    - path: src/eupy/entity/verdict_batches.py
      hash: md5
      md5: cd090d0215f32c2f0f43c46b179d5a0a
      size: 10464
    outs:
    - path: data/stage_01/player_name_crosswalk.csv
      hash: md5
      md5: 6134da02bebd5f9dcb907f285c286a38
      size: 26674
  resolve_team_names:
    cmd: uv run python src/eupy/entity/resolve_team_names.py
    deps:
    - path: data/curated/team_name_verdicts
      hash: md5
      md5: cd04e1ce00618ff4e3749a888d27d601.dir
      size: 3654
      nfiles: 1
    - path: data/raw_data/fantasy_prices/basketballsphere_prices.csv
      hash: md5
      md5: 8030562f6d4d07884ea3086c1bb8b817
      size: 15188
    - path: data/raw_data/kaggle_data/euroleague_header.csv
      hash: md5
      md5: 78c90f4b880bfecc093a2ffd20ca5254
      size: 1384517
    - path: src/eupy/entity/matching.py
      hash: md5
      md5: a1b98a245568ebcb61bb1f411047dbb0
      size: 4431
    - path: src/eupy/entity/resolve_team_names.py
      hash: md5
      md5: 63fcb0a9c4d47c65f6942a4fcc9118ee
      size: 9192
    - path: src/eupy/entity/verdict_batches.py
      hash: md5
      md5: cd090d0215f32c2f0f43c46b179d5a0a
      size: 10464
    outs:
    - path: data/stage_01/team_name_crosswalk.csv
      hash: md5
      md5: 0eac703b26c21b9084dacf363b7f56ec
      size: 2559
